
Microsoft Visual Studio Solution File, Format Version 12.00
# Visual Studio Version 17
VisualStudioVersion = 17.6.33829.357
MinimumVisualStudioVersion = 10.0.40219.1
Project("{9A19103F-16F7-4668-BE54-9A1E7A4F7556}") = "DAPM_Webdesign2", "DAPM_Webdesign2\DAPM_Webdesign2.csproj", "{D7DE32C7-8168-4726-ABB7-1DA5B5545F5C}"
EndProject
Project("{FAE04EC0-301F-11D3-BF4B-00C04F79EFBC}") = "Futtermittel_DB", "Futtermittel_DB\Futtermittel_DB.csproj", "{F20A5208-FD07-42E4-B1BD-D36FEA2C5FF1}"
EndProject
Global
	GlobalSection(SolutionConfigurationPlatforms) = preSolution
		Debug|Any CPU = Debug|Any CPU
		Release|Any CPU = Release|Any CPU
	EndGlobalSection
	GlobalSection(ProjectConfigurationPlatforms) = postSolution
		{D7DE32C7-8168-4726-ABB7-1DA5B5545F5C}.Debug|Any CPU.ActiveCfg = Debug|Any CPU
		{D7DE32C7-8168-4726-ABB7-1DA5B5545F5C}.Debug|Any CPU.Build.0 = Debug|Any CPU
		{D7DE32C7-8168-4726-ABB7-1DA5B5545F5C}.Release|Any CPU.ActiveCfg = Release|Any CPU
		{D7DE32C7-8168-4726-ABB7-1DA5B5545F5C}.Release|Any CPU.Build.0 = Release|Any CPU
		{F20A5208-FD07-42E4-B1BD-D36FEA2C5FF1}.Debug|Any CPU.ActiveCfg = Debug|Any CPU
		{F20A5208-FD07-42E4-B1BD-D36FEA2C5FF1}.Debug|Any CPU.Build.0 = Debug|Any CPU
		{F20A5208-FD07-42E4-B1BD-D36FEA2C5FF1}.Release|Any CPU.ActiveCfg = Release|Any CPU
		{F20A5208-FD07-42E4-B1BD-D36FEA2C5FF1}.Release|Any CPU.Build.0 = Release|Any CPU
	EndGlobalSection
	GlobalSection(SolutionProperties) = preSolution
		HideSolutionNode = FALSE
	EndGlobalSection
	GlobalSection(ExtensibilityGlobals) = postSolution
		SolutionGuid = {0CEF3AF0-D8B2-41C1-B967-9316363FD751}
	EndGlobalSection
EndGlobal
