
Microsoft Visual Studio Solution File, Format Version 12.00
# Visual Studio Version 17
VisualStudioVersion = 17.6.33829.357
MinimumVisualStudioVersion = 10.0.40219.1
Project("{9A19103F-16F7-4668-BE54-9A1E7A4F7556}") = "DAPM_Webdesign1", "DAPM_Webdesign1\DAPM_Webdesign1.csproj", "{8248C784-C2EA-425C-A648-B8CD8E08CE1C}"
EndProject
Project("{FAE04EC0-301F-11D3-BF4B-00C04F79EFBC}") = "DAPM_WebdesignDB", "DAPM_WebdesignDB\DAPM_WebdesignDB.csproj", "{BFA5AEA3-8FC2-4B13-B796-BC7CD768561F}"
EndProject
Global
	GlobalSection(SolutionConfigurationPlatforms) = preSolution
		Debug|Any CPU = Debug|Any CPU
		Release|Any CPU = Release|Any CPU
	EndGlobalSection
	GlobalSection(ProjectConfigurationPlatforms) = postSolution
		{8248C784-C2EA-425C-A648-B8CD8E08CE1C}.Debug|Any CPU.ActiveCfg = Debug|Any CPU
		{8248C784-C2EA-425C-A648-B8CD8E08CE1C}.Debug|Any CPU.Build.0 = Debug|Any CPU
		{8248C784-C2EA-425C-A648-B8CD8E08CE1C}.Release|Any CPU.ActiveCfg = Release|Any CPU
		{8248C784-C2EA-425C-A648-B8CD8E08CE1C}.Release|Any CPU.Build.0 = Release|Any CPU
		{BFA5AEA3-8FC2-4B13-B796-BC7CD768561F}.Debug|Any CPU.ActiveCfg = Debug|Any CPU
		{BFA5AEA3-8FC2-4B13-B796-BC7CD768561F}.Debug|Any CPU.Build.0 = Debug|Any CPU
		{BFA5AEA3-8FC2-4B13-B796-BC7CD768561F}.Release|Any CPU.ActiveCfg = Release|Any CPU
		{BFA5AEA3-8FC2-4B13-B796-BC7CD768561F}.Release|Any CPU.Build.0 = Release|Any CPU
	EndGlobalSection
	GlobalSection(SolutionProperties) = preSolution
		HideSolutionNode = FALSE
	EndGlobalSection
	GlobalSection(ExtensibilityGlobals) = postSolution
		SolutionGuid = {5EC7B955-4DE4-4646-ABE3-B5F7A2599661}
	EndGlobalSection
EndGlobal
